
Microsoft Visual Studio Solution File, Format Version 12.00
# Visual Studio Version 17
VisualStudioVersion = 17.5.33312.197
MinimumVisualStudioVersion = 10.0.40219.1
Project("{FAE04EC0-301F-11D3-BF4B-00C04F79EFBC}") = "BusyIntersection", "BusyIntersection\BusyIntersection.csproj", "{BD6922A9-9FA8-4202-943C-C31061383D7F}"
EndProject
Project("{FAE04EC0-301F-11D3-BF4B-00C04F79EFBC}") = "Seats", "Seats\Seats.csproj", "{58D64DF7-C5EB-4E6F-A692-24037A8CC3EB}"
EndProject
Project("{FAE04EC0-301F-11D3-BF4B-00C04F79EFBC}") = "SumIntervals", "SumIntervals\SumIntervals.csproj", "{DA8605D5-9A56-4BC1-B5A2-70133D125CE5}"
EndProject
Project("{FAE04EC0-301F-11D3-BF4B-00C04F79EFBC}") = "NumberOfCombinations", "NumberOfCombinations\NumberOfCombinations.csproj", "{80361430-B3D6-4349-8074-F0970A83073E}"
EndProject
Project("{FAE04EC0-301F-11D3-BF4B-00C04F79EFBC}") = "StepsArrayNonDecreasing", "StepsArrayNonDecreasing\StepsArrayNonDecreasing.csproj", "{C794D99D-EB55-4F56-ABF3-D9FA92C1B24F}"
EndProject
Project("{FAE04EC0-301F-11D3-BF4B-00C04F79EFBC}") = "SubstringHashValue", "SubstringHashValue\SubstringHashValue.csproj", "{004A6026-4EAB-48B5-9144-3685332D7C00}"
EndProject
Project("{FAE04EC0-301F-11D3-BF4B-00C04F79EFBC}") = "MaximumTop", "MaximumTop\MaximumTop.csproj", "{63596DF6-D4CC-49F0-AFC6-74567B8F4B0E}"
EndProject
Project("{FAE04EC0-301F-11D3-BF4B-00C04F79EFBC}") = "WalkingRobotSimulation2", "WalkingRobotSimulation2\WalkingRobotSimulation2.csproj", "{F49610B8-C88F-4ECA-AC9B-B4EDE2835B58}"
EndProject
Project("{FAE04EC0-301F-11D3-BF4B-00C04F79EFBC}") = "LatestBusTime", "LatestBusTime\LatestBusTime.csproj", "{E831B6F3-82EC-4719-958E-2A7EDF0D000D}"
EndProject
Project("{FAE04EC0-301F-11D3-BF4B-00C04F79EFBC}") = "MaxSubarray", "MaxSubarray\MaxSubarray.csproj", "{00F306AA-085B-43BF-8B99-62851816EFBC}"
EndProject
Project("{FAE04EC0-301F-11D3-BF4B-00C04F79EFBC}") = "MaxPointsOnLine", "MaxPointsOnLine\MaxPointsOnLine.csproj", "{69E85FFC-BCDF-477A-8686-BF7CCF6C44C8}"
EndProject
Project("{FAE04EC0-301F-11D3-BF4B-00C04F79EFBC}") = "MinLinesForChart", "MinLinesForChart\MinLinesForChart.csproj", "{C9A8EE21-62CC-4FF0-A8F2-4CC235AE0E0A}"
EndProject
Project("{FAE04EC0-301F-11D3-BF4B-00C04F79EFBC}") = "NonDecreasingArray", "NonDecreasingArray\NonDecreasingArray.csproj", "{701EE102-AABE-45F7-9752-A576F885CA28}"
EndProject
Project("{FAE04EC0-301F-11D3-BF4B-00C04F79EFBC}") = "CanReach", "CanReach\CanReach.csproj", "{4A5D1A30-E0C3-47EF-9AB9-DCBDE9D976B9}"
EndProject
Project("{FAE04EC0-301F-11D3-BF4B-00C04F79EFBC}") = "JumpGameV", "JumpGameV\JumpGameV.csproj", "{BA39033D-6331-45A3-B701-42D8D96F016E}"
EndProject
Project("{FAE04EC0-301F-11D3-BF4B-00C04F79EFBC}") = "AppendKMinSum", "AppendKMinSum\AppendKMinSum.csproj", "{6C2F6B10-4CC7-4426-92F5-28CE450DF596}"
EndProject
Project("{FAE04EC0-301F-11D3-BF4B-00C04F79EFBC}") = "MakeDistinctCharsEqual", "MakeDistinctCharsEqual\MakeDistinctCharsEqual.csproj", "{F712E8C7-1673-441F-9AAA-89AD6A83C969}"
EndProject
Project("{FAE04EC0-301F-11D3-BF4B-00C04F79EFBC}") = "2530 Max Score", "2530 Max Score\2530 Max Score.csproj", "{60F1A8B1-92DA-4C74-93A3-0D4B27FA1327}"
EndProject
Global
	GlobalSection(SolutionConfigurationPlatforms) = preSolution
		Debug|Any CPU = Debug|Any CPU
		Release|Any CPU = Release|Any CPU
	EndGlobalSection
	GlobalSection(ProjectConfigurationPlatforms) = postSolution
		{BD6922A9-9FA8-4202-943C-C31061383D7F}.Debug|Any CPU.ActiveCfg = Debug|Any CPU
		{BD6922A9-9FA8-4202-943C-C31061383D7F}.Debug|Any CPU.Build.0 = Debug|Any CPU
		{BD6922A9-9FA8-4202-943C-C31061383D7F}.Release|Any CPU.ActiveCfg = Release|Any CPU
		{BD6922A9-9FA8-4202-943C-C31061383D7F}.Release|Any CPU.Build.0 = Release|Any CPU
		{58D64DF7-C5EB-4E6F-A692-24037A8CC3EB}.Debug|Any CPU.ActiveCfg = Debug|Any CPU
		{58D64DF7-C5EB-4E6F-A692-24037A8CC3EB}.Debug|Any CPU.Build.0 = Debug|Any CPU
		{58D64DF7-C5EB-4E6F-A692-24037A8CC3EB}.Release|Any CPU.ActiveCfg = Release|Any CPU
		{58D64DF7-C5EB-4E6F-A692-24037A8CC3EB}.Release|Any CPU.Build.0 = Release|Any CPU
		{DA8605D5-9A56-4BC1-B5A2-70133D125CE5}.Debug|Any CPU.ActiveCfg = Debug|Any CPU
		{DA8605D5-9A56-4BC1-B5A2-70133D125CE5}.Debug|Any CPU.Build.0 = Debug|Any CPU
		{DA8605D5-9A56-4BC1-B5A2-70133D125CE5}.Release|Any CPU.ActiveCfg = Release|Any CPU
		{DA8605D5-9A56-4BC1-B5A2-70133D125CE5}.Release|Any CPU.Build.0 = Release|Any CPU
		{80361430-B3D6-4349-8074-F0970A83073E}.Debug|Any CPU.ActiveCfg = Debug|Any CPU
		{80361430-B3D6-4349-8074-F0970A83073E}.Debug|Any CPU.Build.0 = Debug|Any CPU
		{80361430-B3D6-4349-8074-F0970A83073E}.Release|Any CPU.ActiveCfg = Release|Any CPU
		{80361430-B3D6-4349-8074-F0970A83073E}.Release|Any CPU.Build.0 = Release|Any CPU
		{C794D99D-EB55-4F56-ABF3-D9FA92C1B24F}.Debug|Any CPU.ActiveCfg = Debug|Any CPU
		{C794D99D-EB55-4F56-ABF3-D9FA92C1B24F}.Debug|Any CPU.Build.0 = Debug|Any CPU
		{C794D99D-EB55-4F56-ABF3-D9FA92C1B24F}.Release|Any CPU.ActiveCfg = Release|Any CPU
		{C794D99D-EB55-4F56-ABF3-D9FA92C1B24F}.Release|Any CPU.Build.0 = Release|Any CPU
		{004A6026-4EAB-48B5-9144-3685332D7C00}.Debug|Any CPU.ActiveCfg = Debug|Any CPU
		{004A6026-4EAB-48B5-9144-3685332D7C00}.Debug|Any CPU.Build.0 = Debug|Any CPU
		{004A6026-4EAB-48B5-9144-3685332D7C00}.Release|Any CPU.ActiveCfg = Release|Any CPU
		{004A6026-4EAB-48B5-9144-3685332D7C00}.Release|Any CPU.Build.0 = Release|Any CPU
		{63596DF6-D4CC-49F0-AFC6-74567B8F4B0E}.Debug|Any CPU.ActiveCfg = Debug|Any CPU
		{63596DF6-D4CC-49F0-AFC6-74567B8F4B0E}.Debug|Any CPU.Build.0 = Debug|Any CPU
		{63596DF6-D4CC-49F0-AFC6-74567B8F4B0E}.Release|Any CPU.ActiveCfg = Release|Any CPU
		{63596DF6-D4CC-49F0-AFC6-74567B8F4B0E}.Release|Any CPU.Build.0 = Release|Any CPU
		{F49610B8-C88F-4ECA-AC9B-B4EDE2835B58}.Debug|Any CPU.ActiveCfg = Debug|Any CPU
		{F49610B8-C88F-4ECA-AC9B-B4EDE2835B58}.Debug|Any CPU.Build.0 = Debug|Any CPU
		{F49610B8-C88F-4ECA-AC9B-B4EDE2835B58}.Release|Any CPU.ActiveCfg = Release|Any CPU
		{F49610B8-C88F-4ECA-AC9B-B4EDE2835B58}.Release|Any CPU.Build.0 = Release|Any CPU
		{E831B6F3-82EC-4719-958E-2A7EDF0D000D}.Debug|Any CPU.ActiveCfg = Debug|Any CPU
		{E831B6F3-82EC-4719-958E-2A7EDF0D000D}.Debug|Any CPU.Build.0 = Debug|Any CPU
		{E831B6F3-82EC-4719-958E-2A7EDF0D000D}.Release|Any CPU.ActiveCfg = Release|Any CPU
		{E831B6F3-82EC-4719-958E-2A7EDF0D000D}.Release|Any CPU.Build.0 = Release|Any CPU
		{00F306AA-085B-43BF-8B99-62851816EFBC}.Debug|Any CPU.ActiveCfg = Debug|Any CPU
		{00F306AA-085B-43BF-8B99-62851816EFBC}.Debug|Any CPU.Build.0 = Debug|Any CPU
		{00F306AA-085B-43BF-8B99-62851816EFBC}.Release|Any CPU.ActiveCfg = Release|Any CPU
		{00F306AA-085B-43BF-8B99-62851816EFBC}.Release|Any CPU.Build.0 = Release|Any CPU
		{69E85FFC-BCDF-477A-8686-BF7CCF6C44C8}.Debug|Any CPU.ActiveCfg = Debug|Any CPU
		{69E85FFC-BCDF-477A-8686-BF7CCF6C44C8}.Debug|Any CPU.Build.0 = Debug|Any CPU
		{69E85FFC-BCDF-477A-8686-BF7CCF6C44C8}.Release|Any CPU.ActiveCfg = Release|Any CPU
		{69E85FFC-BCDF-477A-8686-BF7CCF6C44C8}.Release|Any CPU.Build.0 = Release|Any CPU
		{C9A8EE21-62CC-4FF0-A8F2-4CC235AE0E0A}.Debug|Any CPU.ActiveCfg = Debug|Any CPU
		{C9A8EE21-62CC-4FF0-A8F2-4CC235AE0E0A}.Debug|Any CPU.Build.0 = Debug|Any CPU
		{C9A8EE21-62CC-4FF0-A8F2-4CC235AE0E0A}.Release|Any CPU.ActiveCfg = Release|Any CPU
		{C9A8EE21-62CC-4FF0-A8F2-4CC235AE0E0A}.Release|Any CPU.Build.0 = Release|Any CPU
		{701EE102-AABE-45F7-9752-A576F885CA28}.Debug|Any CPU.ActiveCfg = Debug|Any CPU
		{701EE102-AABE-45F7-9752-A576F885CA28}.Debug|Any CPU.Build.0 = Debug|Any CPU
		{701EE102-AABE-45F7-9752-A576F885CA28}.Release|Any CPU.ActiveCfg = Release|Any CPU
		{701EE102-AABE-45F7-9752-A576F885CA28}.Release|Any CPU.Build.0 = Release|Any CPU
		{4A5D1A30-E0C3-47EF-9AB9-DCBDE9D976B9}.Debug|Any CPU.ActiveCfg = Debug|Any CPU
		{4A5D1A30-E0C3-47EF-9AB9-DCBDE9D976B9}.Debug|Any CPU.Build.0 = Debug|Any CPU
		{4A5D1A30-E0C3-47EF-9AB9-DCBDE9D976B9}.Release|Any CPU.ActiveCfg = Release|Any CPU
		{4A5D1A30-E0C3-47EF-9AB9-DCBDE9D976B9}.Release|Any CPU.Build.0 = Release|Any CPU
		{BA39033D-6331-45A3-B701-42D8D96F016E}.Debug|Any CPU.ActiveCfg = Debug|Any CPU
		{BA39033D-6331-45A3-B701-42D8D96F016E}.Debug|Any CPU.Build.0 = Debug|Any CPU
		{BA39033D-6331-45A3-B701-42D8D96F016E}.Release|Any CPU.ActiveCfg = Release|Any CPU
		{BA39033D-6331-45A3-B701-42D8D96F016E}.Release|Any CPU.Build.0 = Release|Any CPU
		{6C2F6B10-4CC7-4426-92F5-28CE450DF596}.Debug|Any CPU.ActiveCfg = Debug|Any CPU
		{6C2F6B10-4CC7-4426-92F5-28CE450DF596}.Debug|Any CPU.Build.0 = Debug|Any CPU
		{6C2F6B10-4CC7-4426-92F5-28CE450DF596}.Release|Any CPU.ActiveCfg = Release|Any CPU
		{6C2F6B10-4CC7-4426-92F5-28CE450DF596}.Release|Any CPU.Build.0 = Release|Any CPU
		{F712E8C7-1673-441F-9AAA-89AD6A83C969}.Debug|Any CPU.ActiveCfg = Debug|Any CPU
		{F712E8C7-1673-441F-9AAA-89AD6A83C969}.Debug|Any CPU.Build.0 = Debug|Any CPU
		{F712E8C7-1673-441F-9AAA-89AD6A83C969}.Release|Any CPU.ActiveCfg = Release|Any CPU
		{F712E8C7-1673-441F-9AAA-89AD6A83C969}.Release|Any CPU.Build.0 = Release|Any CPU
		{60F1A8B1-92DA-4C74-93A3-0D4B27FA1327}.Debug|Any CPU.ActiveCfg = Debug|Any CPU
		{60F1A8B1-92DA-4C74-93A3-0D4B27FA1327}.Debug|Any CPU.Build.0 = Debug|Any CPU
		{60F1A8B1-92DA-4C74-93A3-0D4B27FA1327}.Release|Any CPU.ActiveCfg = Release|Any CPU
		{60F1A8B1-92DA-4C74-93A3-0D4B27FA1327}.Release|Any CPU.Build.0 = Release|Any CPU
	EndGlobalSection
	GlobalSection(SolutionProperties) = preSolution
		HideSolutionNode = FALSE
	EndGlobalSection
	GlobalSection(ExtensibilityGlobals) = postSolution
		SolutionGuid = {B6ED93C2-859D-4064-AC2D-A802095814B7}
	EndGlobalSection
EndGlobal
