
Microsoft Visual Studio Solution File, Format Version 12.00
# Visual Studio Version 17
VisualStudioVersion = 17.5.33312.197
MinimumVisualStudioVersion = 10.0.40219.1
Project("{9A19103F-16F7-4668-BE54-9A1E7A4F7556}") = "BusyIntersection", "BusyIntersection\BusyIntersection.csproj", "{BD6922A9-9FA8-4202-943C-C31061383D7F}"
EndProject
Project("{9A19103F-16F7-4668-BE54-9A1E7A4F7556}") = "Seats", "Seats\Seats.csproj", "{58D64DF7-C5EB-4E6F-A692-24037A8CC3EB}"
EndProject
Project("{9A19103F-16F7-4668-BE54-9A1E7A4F7556}") = "SumIntervals", "SumIntervals\SumIntervals.csproj", "{DA8605D5-9A56-4BC1-B5A2-70133D125CE5}"
EndProject
Project("{9A19103F-16F7-4668-BE54-9A1E7A4F7556}") = "NumberOfCombinations", "NumberOfCombinations\NumberOfCombinations.csproj", "{80361430-B3D6-4349-8074-F0970A83073E}"
EndProject
Project("{9A19103F-16F7-4668-BE54-9A1E7A4F7556}") = "StepsArrayNonDecreasing", "StepsArrayNonDecreasing\StepsArrayNonDecreasing.csproj", "{C794D99D-EB55-4F56-ABF3-D9FA92C1B24F}"
EndProject
Project("{9A19103F-16F7-4668-BE54-9A1E7A4F7556}") = "SubstringHashValue", "SubstringHashValue\SubstringHashValue.csproj", "{004A6026-4EAB-48B5-9144-3685332D7C00}"
EndProject
Project("{9A19103F-16F7-4668-BE54-9A1E7A4F7556}") = "MaximumTop", "MaximumTop\MaximumTop.csproj", "{63596DF6-D4CC-49F0-AFC6-74567B8F4B0E}"
EndProject
Project("{9A19103F-16F7-4668-BE54-9A1E7A4F7556}") = "WalkingRobotSimulation2", "WalkingRobotSimulation2\WalkingRobotSimulation2.csproj", "{F49610B8-C88F-4ECA-AC9B-B4EDE2835B58}"
EndProject
Project("{9A19103F-16F7-4668-BE54-9A1E7A4F7556}") = "LatestBusTime", "LatestBusTime\LatestBusTime.csproj", "{E831B6F3-82EC-4719-958E-2A7EDF0D000D}"
EndProject
Project("{9A19103F-16F7-4668-BE54-9A1E7A4F7556}") = "MaxSubarray", "MaxSubarray\MaxSubarray.csproj", "{00F306AA-085B-43BF-8B99-62851816EFBC}"
EndProject
Project("{9A19103F-16F7-4668-BE54-9A1E7A4F7556}") = "MaxPointsOnLine", "MaxPointsOnLine\MaxPointsOnLine.csproj", "{69E85FFC-BCDF-477A-8686-BF7CCF6C44C8}"
EndProject
Project("{9A19103F-16F7-4668-BE54-9A1E7A4F7556}") = "MinLinesForChart", "MinLinesForChart\MinLinesForChart.csproj", "{C9A8EE21-62CC-4FF0-A8F2-4CC235AE0E0A}"
EndProject
Project("{9A19103F-16F7-4668-BE54-9A1E7A4F7556}") = "NonDecreasingArray", "NonDecreasingArray\NonDecreasingArray.csproj", "{701EE102-AABE-45F7-9752-A576F885CA28}"
EndProject
Project("{9A19103F-16F7-4668-BE54-9A1E7A4F7556}") = "CanReach", "CanReach\CanReach.csproj", "{4A5D1A30-E0C3-47EF-9AB9-DCBDE9D976B9}"
EndProject
Project("{9A19103F-16F7-4668-BE54-9A1E7A4F7556}") = "JumpGameV", "JumpGameV\JumpGameV.csproj", "{BA39033D-6331-45A3-B701-42D8D96F016E}"
EndProject
Project("{9A19103F-16F7-4668-BE54-9A1E7A4F7556}") = "AppendKMinSum", "AppendKMinSum\AppendKMinSum.csproj", "{6C2F6B10-4CC7-4426-92F5-28CE450DF596}"
EndProject
Project("{9A19103F-16F7-4668-BE54-9A1E7A4F7556}") = "MakeDistinctCharsEqual", "MakeDistinctCharsEqual\MakeDistinctCharsEqual.csproj", "{F712E8C7-1673-441F-9AAA-89AD6A83C969}"
EndProject
Project("{9A19103F-16F7-4668-BE54-9A1E7A4F7556}") = "2530 Max Score", "2530 Max Score\2530 Max Score.csproj", "{60F1A8B1-92DA-4C74-93A3-0D4B27FA1327}"
EndProject
Project("{9A19103F-16F7-4668-BE54-9A1E7A4F7556}") = "1237 Min Swaps to Equalize", "1237 Min Swaps to Equalize\1237 Min Swaps to Equalize.csproj", "{E9017A0E-F3BA-4FD1-AA5C-C48440252B7E}"
EndProject
Project("{9A19103F-16F7-4668-BE54-9A1E7A4F7556}") = "1657.StringsAreClose", "1657.StringsAreClose\1657.StringsAreClose.csproj", "{257FEE45-D903-41ED-9CCE-38E023F1E802}"
EndProject
Project("{9A19103F-16F7-4668-BE54-9A1E7A4F7556}") = "2333.MinSumSquareDifference", "2333.MinSumSquareDifference\2333.MinSumSquareDifference.csproj", "{9D6E3C80-89D8-4898-88D5-EB55FF2563A6}"
EndProject
Project("{9A19103F-16F7-4668-BE54-9A1E7A4F7556}") = "866.PrimePalindrome", "866 prime palindrome\866.PrimePalindrome.csproj", "{D65DFC11-DEB7-4B11-B779-8AB4515FE10D}"
EndProject
Project("{9A19103F-16F7-4668-BE54-9A1E7A4F7556}") = "1654.MinJumps", "1654.MinJumps\1654.MinJumps.csproj", "{4AC717BE-76AF-4D1A-B3F5-334AD4D3049D}"
EndProject
Project("{9A19103F-16F7-4668-BE54-9A1E7A4F7556}") = "1361.ValidBinaryTree", "1361.ValidBinaryTree\1361.ValidBinaryTree.csproj", "{CECF20BA-035E-41D3-BF54-BCFE96C2A492}"
EndProject
Project("{9A19103F-16F7-4668-BE54-9A1E7A4F7556}") = "Mathworks", "Mathworks\Mathworks.csproj", "{201568A6-D9BD-4C35-8F44-3BD5CE2FE8B2}"
EndProject
Project("{9A19103F-16F7-4668-BE54-9A1E7A4F7556}") = "Throttling", "Throttling\Throttling.csproj", "{D5EA3A98-21ED-433F-9225-7FF5653022FE}"
EndProject
Project("{FAE04EC0-301F-11D3-BF4B-00C04F79EFBC}") = "KnightDialer", "KnightDialer\KnightDialer.csproj", "{0179A9DA-C21D-4DB6-920E-C4E85DCA6596}"
EndProject
Project("{FAE04EC0-301F-11D3-BF4B-00C04F79EFBC}") = "GameOfLife", "GameOfLife\GameOfLife.csproj", "{40AA6AA4-A713-4B45-BC05-D0FDFFCE457D}"
EndProject
Project("{2150E333-8FDC-42A3-9474-1A3956D46DE8}") = "Cracking", "Cracking", "{9C946AC4-190A-47F0-98D9-E7C393C31E89}"
EndProject
Project("{FAE04EC0-301F-11D3-BF4B-00C04F79EFBC}") = "1.2.CheckPermutations", "Cracking\1.2.CheckPermutations\1.2.CheckPermutations.csproj", "{16E41C5E-FA77-4C7D-B2BD-DA31408EF3BC}"
EndProject
Project("{FAE04EC0-301F-11D3-BF4B-00C04F79EFBC}") = "1.1.IsUnique", "Cracking\1.1.IsUnique\1.1.IsUnique.csproj", "{2A098229-24FC-4666-A69F-F5842500B9FA}"
EndProject
Project("{FAE04EC0-301F-11D3-BF4B-00C04F79EFBC}") = "1.3Urlify", "Cracking\1.3Urlify\1.3Urlify.csproj", "{1F9F10DC-6FE2-43A4-AF1D-98D224A273EB}"
EndProject
Project("{FAE04EC0-301F-11D3-BF4B-00C04F79EFBC}") = "1.4.PalindromePermutation", "Cracking\1.4.PalindromePermutation\1.4.PalindromePermutation.csproj", "{4896D260-B814-40A7-877B-EF6853A1FF27}"
EndProject
Project("{FAE04EC0-301F-11D3-BF4B-00C04F79EFBC}") = "1.5.OneAway", "Cracking\1.5.OneAway\1.5.OneAway.csproj", "{C53A0796-4008-436B-917F-5F5E08E038FE}"
EndProject
Project("{FAE04EC0-301F-11D3-BF4B-00C04F79EFBC}") = "1.6.String.Compression", "Cracking\1.6.String.Compression\1.6.String.Compression.csproj", "{17B2E233-71CC-425C-890C-C3A08854F01D}"
EndProject
Project("{FAE04EC0-301F-11D3-BF4B-00C04F79EFBC}") = "1.7.RotateMatrix-NotWorking", "Cracking\1.7.RotateMatrix\1.7.RotateMatrix-NotWorking.csproj", "{955B58F6-CE74-4A8A-9E31-AC96848743F4}"
EndProject
Project("{FAE04EC0-301F-11D3-BF4B-00C04F79EFBC}") = "1.8ZeroMatrix", "Cracking\1.8ZeroMatrix\1.8ZeroMatrix.csproj", "{6AC8FD97-0B73-4731-A7E4-C20A7E5FEDDB}"
EndProject
Project("{FAE04EC0-301F-11D3-BF4B-00C04F79EFBC}") = "1.9.StringRotation", "Cracking\1.9.StringRotation\1.9.StringRotation.csproj", "{138A38CB-D8C1-48E6-8C0C-F4D2B1D77768}"
EndProject
Project("{FAE04EC0-301F-11D3-BF4B-00C04F79EFBC}") = "2.LinkedList", "Cracking\2.1.LinkedListDuplicates\2.LinkedList.csproj", "{35FADE38-1712-4FF3-A0DE-DB1D379DCDFA}"
EndProject
Project("{FAE04EC0-301F-11D3-BF4B-00C04F79EFBC}") = "Utils", "Cracking\Utils\Utils.csproj", "{F250B438-BA75-4DCB-8DD0-CF64109B3FA2}"
EndProject
Project("{FAE04EC0-301F-11D3-BF4B-00C04F79EFBC}") = "3.1.ArrayThreeStacks", "Cracking\3.1.ArrayThreeStacks\3.1.ArrayThreeStacks.csproj", "{19D777AA-74BC-4F8C-848C-C1FEEC107B7B}"
EndProject
Project("{FAE04EC0-301F-11D3-BF4B-00C04F79EFBC}") = "3.2.StackMin", "Cracking\3.2.StackMin\3.2.StackMin.csproj", "{668C0B82-649E-4855-AB80-610E41CC651A}"
EndProject
Project("{FAE04EC0-301F-11D3-BF4B-00C04F79EFBC}") = "3.3.StackOfStacks", "Cracking\3.3.StackOfStacks\3.3.StackOfStacks.csproj", "{6FB18DF8-7B6D-4938-BB98-ED0C51D3B399}"
EndProject
Global
	GlobalSection(SolutionConfigurationPlatforms) = preSolution
		Debug|Any CPU = Debug|Any CPU
		Release|Any CPU = Release|Any CPU
	EndGlobalSection
	GlobalSection(ProjectConfigurationPlatforms) = postSolution
		{BD6922A9-9FA8-4202-943C-C31061383D7F}.Debug|Any CPU.ActiveCfg = Debug|Any CPU
		{BD6922A9-9FA8-4202-943C-C31061383D7F}.Debug|Any CPU.Build.0 = Debug|Any CPU
		{BD6922A9-9FA8-4202-943C-C31061383D7F}.Release|Any CPU.ActiveCfg = Release|Any CPU
		{BD6922A9-9FA8-4202-943C-C31061383D7F}.Release|Any CPU.Build.0 = Release|Any CPU
		{58D64DF7-C5EB-4E6F-A692-24037A8CC3EB}.Debug|Any CPU.ActiveCfg = Debug|Any CPU
		{58D64DF7-C5EB-4E6F-A692-24037A8CC3EB}.Debug|Any CPU.Build.0 = Debug|Any CPU
		{58D64DF7-C5EB-4E6F-A692-24037A8CC3EB}.Release|Any CPU.ActiveCfg = Release|Any CPU
		{58D64DF7-C5EB-4E6F-A692-24037A8CC3EB}.Release|Any CPU.Build.0 = Release|Any CPU
		{DA8605D5-9A56-4BC1-B5A2-70133D125CE5}.Debug|Any CPU.ActiveCfg = Debug|Any CPU
		{DA8605D5-9A56-4BC1-B5A2-70133D125CE5}.Debug|Any CPU.Build.0 = Debug|Any CPU
		{DA8605D5-9A56-4BC1-B5A2-70133D125CE5}.Release|Any CPU.ActiveCfg = Release|Any CPU
		{DA8605D5-9A56-4BC1-B5A2-70133D125CE5}.Release|Any CPU.Build.0 = Release|Any CPU
		{80361430-B3D6-4349-8074-F0970A83073E}.Debug|Any CPU.ActiveCfg = Debug|Any CPU
		{80361430-B3D6-4349-8074-F0970A83073E}.Debug|Any CPU.Build.0 = Debug|Any CPU
		{80361430-B3D6-4349-8074-F0970A83073E}.Release|Any CPU.ActiveCfg = Release|Any CPU
		{80361430-B3D6-4349-8074-F0970A83073E}.Release|Any CPU.Build.0 = Release|Any CPU
		{C794D99D-EB55-4F56-ABF3-D9FA92C1B24F}.Debug|Any CPU.ActiveCfg = Debug|Any CPU
		{C794D99D-EB55-4F56-ABF3-D9FA92C1B24F}.Debug|Any CPU.Build.0 = Debug|Any CPU
		{C794D99D-EB55-4F56-ABF3-D9FA92C1B24F}.Release|Any CPU.ActiveCfg = Release|Any CPU
		{C794D99D-EB55-4F56-ABF3-D9FA92C1B24F}.Release|Any CPU.Build.0 = Release|Any CPU
		{004A6026-4EAB-48B5-9144-3685332D7C00}.Debug|Any CPU.ActiveCfg = Debug|Any CPU
		{004A6026-4EAB-48B5-9144-3685332D7C00}.Debug|Any CPU.Build.0 = Debug|Any CPU
		{004A6026-4EAB-48B5-9144-3685332D7C00}.Release|Any CPU.ActiveCfg = Release|Any CPU
		{004A6026-4EAB-48B5-9144-3685332D7C00}.Release|Any CPU.Build.0 = Release|Any CPU
		{63596DF6-D4CC-49F0-AFC6-74567B8F4B0E}.Debug|Any CPU.ActiveCfg = Debug|Any CPU
		{63596DF6-D4CC-49F0-AFC6-74567B8F4B0E}.Debug|Any CPU.Build.0 = Debug|Any CPU
		{63596DF6-D4CC-49F0-AFC6-74567B8F4B0E}.Release|Any CPU.ActiveCfg = Release|Any CPU
		{63596DF6-D4CC-49F0-AFC6-74567B8F4B0E}.Release|Any CPU.Build.0 = Release|Any CPU
		{F49610B8-C88F-4ECA-AC9B-B4EDE2835B58}.Debug|Any CPU.ActiveCfg = Debug|Any CPU
		{F49610B8-C88F-4ECA-AC9B-B4EDE2835B58}.Debug|Any CPU.Build.0 = Debug|Any CPU
		{F49610B8-C88F-4ECA-AC9B-B4EDE2835B58}.Release|Any CPU.ActiveCfg = Release|Any CPU
		{F49610B8-C88F-4ECA-AC9B-B4EDE2835B58}.Release|Any CPU.Build.0 = Release|Any CPU
		{E831B6F3-82EC-4719-958E-2A7EDF0D000D}.Debug|Any CPU.ActiveCfg = Debug|Any CPU
		{E831B6F3-82EC-4719-958E-2A7EDF0D000D}.Debug|Any CPU.Build.0 = Debug|Any CPU
		{E831B6F3-82EC-4719-958E-2A7EDF0D000D}.Release|Any CPU.ActiveCfg = Release|Any CPU
		{E831B6F3-82EC-4719-958E-2A7EDF0D000D}.Release|Any CPU.Build.0 = Release|Any CPU
		{00F306AA-085B-43BF-8B99-62851816EFBC}.Debug|Any CPU.ActiveCfg = Debug|Any CPU
		{00F306AA-085B-43BF-8B99-62851816EFBC}.Debug|Any CPU.Build.0 = Debug|Any CPU
		{00F306AA-085B-43BF-8B99-62851816EFBC}.Release|Any CPU.ActiveCfg = Release|Any CPU
		{00F306AA-085B-43BF-8B99-62851816EFBC}.Release|Any CPU.Build.0 = Release|Any CPU
		{69E85FFC-BCDF-477A-8686-BF7CCF6C44C8}.Debug|Any CPU.ActiveCfg = Debug|Any CPU
		{69E85FFC-BCDF-477A-8686-BF7CCF6C44C8}.Debug|Any CPU.Build.0 = Debug|Any CPU
		{69E85FFC-BCDF-477A-8686-BF7CCF6C44C8}.Release|Any CPU.ActiveCfg = Release|Any CPU
		{69E85FFC-BCDF-477A-8686-BF7CCF6C44C8}.Release|Any CPU.Build.0 = Release|Any CPU
		{C9A8EE21-62CC-4FF0-A8F2-4CC235AE0E0A}.Debug|Any CPU.ActiveCfg = Debug|Any CPU
		{C9A8EE21-62CC-4FF0-A8F2-4CC235AE0E0A}.Debug|Any CPU.Build.0 = Debug|Any CPU
		{C9A8EE21-62CC-4FF0-A8F2-4CC235AE0E0A}.Release|Any CPU.ActiveCfg = Release|Any CPU
		{C9A8EE21-62CC-4FF0-A8F2-4CC235AE0E0A}.Release|Any CPU.Build.0 = Release|Any CPU
		{701EE102-AABE-45F7-9752-A576F885CA28}.Debug|Any CPU.ActiveCfg = Debug|Any CPU
		{701EE102-AABE-45F7-9752-A576F885CA28}.Debug|Any CPU.Build.0 = Debug|Any CPU
		{701EE102-AABE-45F7-9752-A576F885CA28}.Release|Any CPU.ActiveCfg = Release|Any CPU
		{701EE102-AABE-45F7-9752-A576F885CA28}.Release|Any CPU.Build.0 = Release|Any CPU
		{4A5D1A30-E0C3-47EF-9AB9-DCBDE9D976B9}.Debug|Any CPU.ActiveCfg = Debug|Any CPU
		{4A5D1A30-E0C3-47EF-9AB9-DCBDE9D976B9}.Debug|Any CPU.Build.0 = Debug|Any CPU
		{4A5D1A30-E0C3-47EF-9AB9-DCBDE9D976B9}.Release|Any CPU.ActiveCfg = Release|Any CPU
		{4A5D1A30-E0C3-47EF-9AB9-DCBDE9D976B9}.Release|Any CPU.Build.0 = Release|Any CPU
		{BA39033D-6331-45A3-B701-42D8D96F016E}.Debug|Any CPU.ActiveCfg = Debug|Any CPU
		{BA39033D-6331-45A3-B701-42D8D96F016E}.Debug|Any CPU.Build.0 = Debug|Any CPU
		{BA39033D-6331-45A3-B701-42D8D96F016E}.Release|Any CPU.ActiveCfg = Release|Any CPU
		{BA39033D-6331-45A3-B701-42D8D96F016E}.Release|Any CPU.Build.0 = Release|Any CPU
		{6C2F6B10-4CC7-4426-92F5-28CE450DF596}.Debug|Any CPU.ActiveCfg = Debug|Any CPU
		{6C2F6B10-4CC7-4426-92F5-28CE450DF596}.Debug|Any CPU.Build.0 = Debug|Any CPU
		{6C2F6B10-4CC7-4426-92F5-28CE450DF596}.Release|Any CPU.ActiveCfg = Release|Any CPU
		{6C2F6B10-4CC7-4426-92F5-28CE450DF596}.Release|Any CPU.Build.0 = Release|Any CPU
		{F712E8C7-1673-441F-9AAA-89AD6A83C969}.Debug|Any CPU.ActiveCfg = Debug|Any CPU
		{F712E8C7-1673-441F-9AAA-89AD6A83C969}.Debug|Any CPU.Build.0 = Debug|Any CPU
		{F712E8C7-1673-441F-9AAA-89AD6A83C969}.Release|Any CPU.ActiveCfg = Release|Any CPU
		{F712E8C7-1673-441F-9AAA-89AD6A83C969}.Release|Any CPU.Build.0 = Release|Any CPU
		{60F1A8B1-92DA-4C74-93A3-0D4B27FA1327}.Debug|Any CPU.ActiveCfg = Debug|Any CPU
		{60F1A8B1-92DA-4C74-93A3-0D4B27FA1327}.Debug|Any CPU.Build.0 = Debug|Any CPU
		{60F1A8B1-92DA-4C74-93A3-0D4B27FA1327}.Release|Any CPU.ActiveCfg = Release|Any CPU
		{60F1A8B1-92DA-4C74-93A3-0D4B27FA1327}.Release|Any CPU.Build.0 = Release|Any CPU
		{E9017A0E-F3BA-4FD1-AA5C-C48440252B7E}.Debug|Any CPU.ActiveCfg = Debug|Any CPU
		{E9017A0E-F3BA-4FD1-AA5C-C48440252B7E}.Debug|Any CPU.Build.0 = Debug|Any CPU
		{E9017A0E-F3BA-4FD1-AA5C-C48440252B7E}.Release|Any CPU.ActiveCfg = Release|Any CPU
		{E9017A0E-F3BA-4FD1-AA5C-C48440252B7E}.Release|Any CPU.Build.0 = Release|Any CPU
		{257FEE45-D903-41ED-9CCE-38E023F1E802}.Debug|Any CPU.ActiveCfg = Debug|Any CPU
		{257FEE45-D903-41ED-9CCE-38E023F1E802}.Debug|Any CPU.Build.0 = Debug|Any CPU
		{257FEE45-D903-41ED-9CCE-38E023F1E802}.Release|Any CPU.ActiveCfg = Release|Any CPU
		{257FEE45-D903-41ED-9CCE-38E023F1E802}.Release|Any CPU.Build.0 = Release|Any CPU
		{9D6E3C80-89D8-4898-88D5-EB55FF2563A6}.Debug|Any CPU.ActiveCfg = Debug|Any CPU
		{9D6E3C80-89D8-4898-88D5-EB55FF2563A6}.Debug|Any CPU.Build.0 = Debug|Any CPU
		{9D6E3C80-89D8-4898-88D5-EB55FF2563A6}.Release|Any CPU.ActiveCfg = Release|Any CPU
		{9D6E3C80-89D8-4898-88D5-EB55FF2563A6}.Release|Any CPU.Build.0 = Release|Any CPU
		{D65DFC11-DEB7-4B11-B779-8AB4515FE10D}.Debug|Any CPU.ActiveCfg = Debug|Any CPU
		{D65DFC11-DEB7-4B11-B779-8AB4515FE10D}.Debug|Any CPU.Build.0 = Debug|Any CPU
		{D65DFC11-DEB7-4B11-B779-8AB4515FE10D}.Release|Any CPU.ActiveCfg = Release|Any CPU
		{D65DFC11-DEB7-4B11-B779-8AB4515FE10D}.Release|Any CPU.Build.0 = Release|Any CPU
		{4AC717BE-76AF-4D1A-B3F5-334AD4D3049D}.Debug|Any CPU.ActiveCfg = Debug|Any CPU
		{4AC717BE-76AF-4D1A-B3F5-334AD4D3049D}.Debug|Any CPU.Build.0 = Debug|Any CPU
		{4AC717BE-76AF-4D1A-B3F5-334AD4D3049D}.Release|Any CPU.ActiveCfg = Release|Any CPU
		{4AC717BE-76AF-4D1A-B3F5-334AD4D3049D}.Release|Any CPU.Build.0 = Release|Any CPU
		{CECF20BA-035E-41D3-BF54-BCFE96C2A492}.Debug|Any CPU.ActiveCfg = Debug|Any CPU
		{CECF20BA-035E-41D3-BF54-BCFE96C2A492}.Debug|Any CPU.Build.0 = Debug|Any CPU
		{CECF20BA-035E-41D3-BF54-BCFE96C2A492}.Release|Any CPU.ActiveCfg = Release|Any CPU
		{CECF20BA-035E-41D3-BF54-BCFE96C2A492}.Release|Any CPU.Build.0 = Release|Any CPU
		{201568A6-D9BD-4C35-8F44-3BD5CE2FE8B2}.Debug|Any CPU.ActiveCfg = Debug|Any CPU
		{201568A6-D9BD-4C35-8F44-3BD5CE2FE8B2}.Debug|Any CPU.Build.0 = Debug|Any CPU
		{201568A6-D9BD-4C35-8F44-3BD5CE2FE8B2}.Release|Any CPU.ActiveCfg = Release|Any CPU
		{201568A6-D9BD-4C35-8F44-3BD5CE2FE8B2}.Release|Any CPU.Build.0 = Release|Any CPU
		{D5EA3A98-21ED-433F-9225-7FF5653022FE}.Debug|Any CPU.ActiveCfg = Debug|Any CPU
		{D5EA3A98-21ED-433F-9225-7FF5653022FE}.Debug|Any CPU.Build.0 = Debug|Any CPU
		{D5EA3A98-21ED-433F-9225-7FF5653022FE}.Release|Any CPU.ActiveCfg = Release|Any CPU
		{D5EA3A98-21ED-433F-9225-7FF5653022FE}.Release|Any CPU.Build.0 = Release|Any CPU
		{0179A9DA-C21D-4DB6-920E-C4E85DCA6596}.Debug|Any CPU.ActiveCfg = Debug|Any CPU
		{0179A9DA-C21D-4DB6-920E-C4E85DCA6596}.Debug|Any CPU.Build.0 = Debug|Any CPU
		{0179A9DA-C21D-4DB6-920E-C4E85DCA6596}.Release|Any CPU.ActiveCfg = Release|Any CPU
		{0179A9DA-C21D-4DB6-920E-C4E85DCA6596}.Release|Any CPU.Build.0 = Release|Any CPU
		{40AA6AA4-A713-4B45-BC05-D0FDFFCE457D}.Debug|Any CPU.ActiveCfg = Debug|Any CPU
		{40AA6AA4-A713-4B45-BC05-D0FDFFCE457D}.Debug|Any CPU.Build.0 = Debug|Any CPU
		{40AA6AA4-A713-4B45-BC05-D0FDFFCE457D}.Release|Any CPU.ActiveCfg = Release|Any CPU
		{40AA6AA4-A713-4B45-BC05-D0FDFFCE457D}.Release|Any CPU.Build.0 = Release|Any CPU
		{44925100-CCB8-4613-A868-4BFC563DF48C}.Debug|Any CPU.ActiveCfg = Debug|Any CPU
		{44925100-CCB8-4613-A868-4BFC563DF48C}.Debug|Any CPU.Build.0 = Debug|Any CPU
		{44925100-CCB8-4613-A868-4BFC563DF48C}.Release|Any CPU.ActiveCfg = Release|Any CPU
		{44925100-CCB8-4613-A868-4BFC563DF48C}.Release|Any CPU.Build.0 = Release|Any CPU
		{16E41C5E-FA77-4C7D-B2BD-DA31408EF3BC}.Debug|Any CPU.ActiveCfg = Debug|Any CPU
		{16E41C5E-FA77-4C7D-B2BD-DA31408EF3BC}.Debug|Any CPU.Build.0 = Debug|Any CPU
		{16E41C5E-FA77-4C7D-B2BD-DA31408EF3BC}.Release|Any CPU.ActiveCfg = Release|Any CPU
		{16E41C5E-FA77-4C7D-B2BD-DA31408EF3BC}.Release|Any CPU.Build.0 = Release|Any CPU
		{2A098229-24FC-4666-A69F-F5842500B9FA}.Debug|Any CPU.ActiveCfg = Debug|Any CPU
		{2A098229-24FC-4666-A69F-F5842500B9FA}.Debug|Any CPU.Build.0 = Debug|Any CPU
		{2A098229-24FC-4666-A69F-F5842500B9FA}.Release|Any CPU.ActiveCfg = Release|Any CPU
		{2A098229-24FC-4666-A69F-F5842500B9FA}.Release|Any CPU.Build.0 = Release|Any CPU
		{1F9F10DC-6FE2-43A4-AF1D-98D224A273EB}.Debug|Any CPU.ActiveCfg = Debug|Any CPU
		{1F9F10DC-6FE2-43A4-AF1D-98D224A273EB}.Debug|Any CPU.Build.0 = Debug|Any CPU
		{1F9F10DC-6FE2-43A4-AF1D-98D224A273EB}.Release|Any CPU.ActiveCfg = Release|Any CPU
		{1F9F10DC-6FE2-43A4-AF1D-98D224A273EB}.Release|Any CPU.Build.0 = Release|Any CPU
		{4896D260-B814-40A7-877B-EF6853A1FF27}.Debug|Any CPU.ActiveCfg = Debug|Any CPU
		{4896D260-B814-40A7-877B-EF6853A1FF27}.Debug|Any CPU.Build.0 = Debug|Any CPU
		{4896D260-B814-40A7-877B-EF6853A1FF27}.Release|Any CPU.ActiveCfg = Release|Any CPU
		{4896D260-B814-40A7-877B-EF6853A1FF27}.Release|Any CPU.Build.0 = Release|Any CPU
		{C53A0796-4008-436B-917F-5F5E08E038FE}.Debug|Any CPU.ActiveCfg = Debug|Any CPU
		{C53A0796-4008-436B-917F-5F5E08E038FE}.Debug|Any CPU.Build.0 = Debug|Any CPU
		{C53A0796-4008-436B-917F-5F5E08E038FE}.Release|Any CPU.ActiveCfg = Release|Any CPU
		{C53A0796-4008-436B-917F-5F5E08E038FE}.Release|Any CPU.Build.0 = Release|Any CPU
		{17B2E233-71CC-425C-890C-C3A08854F01D}.Debug|Any CPU.ActiveCfg = Debug|Any CPU
		{17B2E233-71CC-425C-890C-C3A08854F01D}.Debug|Any CPU.Build.0 = Debug|Any CPU
		{17B2E233-71CC-425C-890C-C3A08854F01D}.Release|Any CPU.ActiveCfg = Release|Any CPU
		{17B2E233-71CC-425C-890C-C3A08854F01D}.Release|Any CPU.Build.0 = Release|Any CPU
		{955B58F6-CE74-4A8A-9E31-AC96848743F4}.Debug|Any CPU.ActiveCfg = Debug|Any CPU
		{955B58F6-CE74-4A8A-9E31-AC96848743F4}.Debug|Any CPU.Build.0 = Debug|Any CPU
		{955B58F6-CE74-4A8A-9E31-AC96848743F4}.Release|Any CPU.ActiveCfg = Release|Any CPU
		{955B58F6-CE74-4A8A-9E31-AC96848743F4}.Release|Any CPU.Build.0 = Release|Any CPU
		{6AC8FD97-0B73-4731-A7E4-C20A7E5FEDDB}.Debug|Any CPU.ActiveCfg = Debug|Any CPU
		{6AC8FD97-0B73-4731-A7E4-C20A7E5FEDDB}.Debug|Any CPU.Build.0 = Debug|Any CPU
		{6AC8FD97-0B73-4731-A7E4-C20A7E5FEDDB}.Release|Any CPU.ActiveCfg = Release|Any CPU
		{6AC8FD97-0B73-4731-A7E4-C20A7E5FEDDB}.Release|Any CPU.Build.0 = Release|Any CPU
		{138A38CB-D8C1-48E6-8C0C-F4D2B1D77768}.Debug|Any CPU.ActiveCfg = Debug|Any CPU
		{138A38CB-D8C1-48E6-8C0C-F4D2B1D77768}.Debug|Any CPU.Build.0 = Debug|Any CPU
		{138A38CB-D8C1-48E6-8C0C-F4D2B1D77768}.Release|Any CPU.ActiveCfg = Release|Any CPU
		{138A38CB-D8C1-48E6-8C0C-F4D2B1D77768}.Release|Any CPU.Build.0 = Release|Any CPU
		{35FADE38-1712-4FF3-A0DE-DB1D379DCDFA}.Debug|Any CPU.ActiveCfg = Debug|Any CPU
		{35FADE38-1712-4FF3-A0DE-DB1D379DCDFA}.Debug|Any CPU.Build.0 = Debug|Any CPU
		{35FADE38-1712-4FF3-A0DE-DB1D379DCDFA}.Release|Any CPU.ActiveCfg = Release|Any CPU
		{35FADE38-1712-4FF3-A0DE-DB1D379DCDFA}.Release|Any CPU.Build.0 = Release|Any CPU
		{F250B438-BA75-4DCB-8DD0-CF64109B3FA2}.Debug|Any CPU.ActiveCfg = Debug|Any CPU
		{F250B438-BA75-4DCB-8DD0-CF64109B3FA2}.Debug|Any CPU.Build.0 = Debug|Any CPU
		{F250B438-BA75-4DCB-8DD0-CF64109B3FA2}.Release|Any CPU.ActiveCfg = Release|Any CPU
		{F250B438-BA75-4DCB-8DD0-CF64109B3FA2}.Release|Any CPU.Build.0 = Release|Any CPU
		{19D777AA-74BC-4F8C-848C-C1FEEC107B7B}.Debug|Any CPU.ActiveCfg = Debug|Any CPU
		{19D777AA-74BC-4F8C-848C-C1FEEC107B7B}.Debug|Any CPU.Build.0 = Debug|Any CPU
		{19D777AA-74BC-4F8C-848C-C1FEEC107B7B}.Release|Any CPU.ActiveCfg = Release|Any CPU
		{19D777AA-74BC-4F8C-848C-C1FEEC107B7B}.Release|Any CPU.Build.0 = Release|Any CPU
		{668C0B82-649E-4855-AB80-610E41CC651A}.Debug|Any CPU.ActiveCfg = Debug|Any CPU
		{668C0B82-649E-4855-AB80-610E41CC651A}.Debug|Any CPU.Build.0 = Debug|Any CPU
		{668C0B82-649E-4855-AB80-610E41CC651A}.Release|Any CPU.ActiveCfg = Release|Any CPU
		{668C0B82-649E-4855-AB80-610E41CC651A}.Release|Any CPU.Build.0 = Release|Any CPU
		{6FB18DF8-7B6D-4938-BB98-ED0C51D3B399}.Debug|Any CPU.ActiveCfg = Debug|Any CPU
		{6FB18DF8-7B6D-4938-BB98-ED0C51D3B399}.Debug|Any CPU.Build.0 = Debug|Any CPU
		{6FB18DF8-7B6D-4938-BB98-ED0C51D3B399}.Release|Any CPU.ActiveCfg = Release|Any CPU
		{6FB18DF8-7B6D-4938-BB98-ED0C51D3B399}.Release|Any CPU.Build.0 = Release|Any CPU
	EndGlobalSection
	GlobalSection(SolutionProperties) = preSolution
		HideSolutionNode = FALSE
	EndGlobalSection
	GlobalSection(ExtensibilityGlobals) = postSolution
		SolutionGuid = {B6ED93C2-859D-4064-AC2D-A802095814B7}
	EndGlobalSection
	GlobalSection(NestedProjects) = preSolution
		{16E41C5E-FA77-4C7D-B2BD-DA31408EF3BC} = {9C946AC4-190A-47F0-98D9-E7C393C31E89}
		{2A098229-24FC-4666-A69F-F5842500B9FA} = {9C946AC4-190A-47F0-98D9-E7C393C31E89}
		{1F9F10DC-6FE2-43A4-AF1D-98D224A273EB} = {9C946AC4-190A-47F0-98D9-E7C393C31E89}
		{4896D260-B814-40A7-877B-EF6853A1FF27} = {9C946AC4-190A-47F0-98D9-E7C393C31E89}
		{C53A0796-4008-436B-917F-5F5E08E038FE} = {9C946AC4-190A-47F0-98D9-E7C393C31E89}
		{17B2E233-71CC-425C-890C-C3A08854F01D} = {9C946AC4-190A-47F0-98D9-E7C393C31E89}
		{955B58F6-CE74-4A8A-9E31-AC96848743F4} = {9C946AC4-190A-47F0-98D9-E7C393C31E89}
		{6AC8FD97-0B73-4731-A7E4-C20A7E5FEDDB} = {9C946AC4-190A-47F0-98D9-E7C393C31E89}
		{138A38CB-D8C1-48E6-8C0C-F4D2B1D77768} = {9C946AC4-190A-47F0-98D9-E7C393C31E89}
		{35FADE38-1712-4FF3-A0DE-DB1D379DCDFA} = {9C946AC4-190A-47F0-98D9-E7C393C31E89}
		{F250B438-BA75-4DCB-8DD0-CF64109B3FA2} = {9C946AC4-190A-47F0-98D9-E7C393C31E89}
		{19D777AA-74BC-4F8C-848C-C1FEEC107B7B} = {9C946AC4-190A-47F0-98D9-E7C393C31E89}
		{668C0B82-649E-4855-AB80-610E41CC651A} = {9C946AC4-190A-47F0-98D9-E7C393C31E89}
		{6FB18DF8-7B6D-4938-BB98-ED0C51D3B399} = {9C946AC4-190A-47F0-98D9-E7C393C31E89}
	EndGlobalSection
EndGlobal
